
Microsoft Visual Studio Solution File, Format Version 12.00
# Visual Studio Version 17
VisualStudioVersion = 17.6.33815.320
MinimumVisualStudioVersion = 10.0.40219.1
Project("{FAE04EC0-301F-11D3-BF4B-00C04F79EFBC}") = "WebApp", "WebApp.csproj", "{4FA97A20-A9FA-4945-A7C9-E0913C302D47}"
EndProject
Project("{FAE04EC0-301F-11D3-BF4B-00C04F79EFBC}") = "WebAPI", "..\WebAPI\WebAPI.csproj", "{D7806857-B295-42D8-A59B-01CEA1E76BC4}"
EndProject
Global
	GlobalSection(SolutionConfigurationPlatforms) = preSolution
		Debug|Any CPU = Debug|Any CPU
		Release|Any CPU = Release|Any CPU
	EndGlobalSection
	GlobalSection(ProjectConfigurationPlatforms) = postSolution
		{4FA97A20-A9FA-4945-A7C9-E0913C302D47}.Debug|Any CPU.ActiveCfg = Debug|Any CPU
		{4FA97A20-A9FA-4945-A7C9-E0913C302D47}.Debug|Any CPU.Build.0 = Debug|Any CPU
		{4FA97A20-A9FA-4945-A7C9-E0913C302D47}.Release|Any CPU.ActiveCfg = Release|Any CPU
		{4FA97A20-A9FA-4945-A7C9-E0913C302D47}.Release|Any CPU.Build.0 = Release|Any CPU
		{D7806857-B295-42D8-A59B-01CEA1E76BC4}.Debug|Any CPU.ActiveCfg = Debug|Any CPU
		{D7806857-B295-42D8-A59B-01CEA1E76BC4}.Debug|Any CPU.Build.0 = Debug|Any CPU
		{D7806857-B295-42D8-A59B-01CEA1E76BC4}.Release|Any CPU.ActiveCfg = Release|Any CPU
		{D7806857-B295-42D8-A59B-01CEA1E76BC4}.Release|Any CPU.Build.0 = Release|Any CPU
	EndGlobalSection
	GlobalSection(SolutionProperties) = preSolution
		HideSolutionNode = FALSE
	EndGlobalSection
	GlobalSection(ExtensibilityGlobals) = postSolution
		SolutionGuid = {5BD4A664-7F5E-4D29-B243-11E09F010434}
	EndGlobalSection
EndGlobal
